{
  "object": {
    "pins": [
      {
        "package": "ModelLibrary",
        "repositoryURL": "https://github.com/bolekhub/mymodel",
        "state": {
          "branch": "main",
          "revision": "fcbffacfcc915076c220c20eca792053a6747fd3",
          "version": null
        }
      },
      {
        "package": "ServiceLayer",
        "repositoryURL": "https://github.com/bolekhub/sserviceLibrary",
        "state": {
          "branch": "main",
          "revision": "ef7e3b6c920dc0f5a8dc230eee9a0efec008b864",
          "version": null
        }
      }
    ]
  },
  "version": 1
}
